
Microsoft Visual Studio Solution File, Format Version 12.00
# Visual Studio Version 16
VisualStudioVersion = 16.0.31229.75
MinimumVisualStudioVersion = 10.0.40219.1
Project("{FAE04EC0-301F-11D3-BF4B-00C04F79EFBC}") = "ElevenNote.WebAPI", "ElevenNote.WebAPI\ElevenNote.WebAPI.csproj", "{5AA91B9F-1B09-41A8-A8CF-35474EFD327D}"
EndProject
Project("{FAE04EC0-301F-11D3-BF4B-00C04F79EFBC}") = "ElevenNote.Data", "ElevenNote.Data\ElevenNote.Data.csproj", "{4CF6D18C-6552-47F3-9A43-E692D522C33A}"
EndProject
Project("{FAE04EC0-301F-11D3-BF4B-00C04F79EFBC}") = "ElevenNote.Models", "ElevenNote.Models\ElevenNote.Models.csproj", "{53B68B39-7874-42FE-AC8F-1AD578840972}"
EndProject
Project("{FAE04EC0-301F-11D3-BF4B-00C04F79EFBC}") = "ElevenNote.Services", "ElevenNote.Services\ElevenNote.Services.csproj", "{022D5B46-8CB4-42C3-820F-E8BFFAA71CC7}"
EndProject
Global
	GlobalSection(SolutionConfigurationPlatforms) = preSolution
		Debug|Any CPU = Debug|Any CPU
		Release|Any CPU = Release|Any CPU
	EndGlobalSection
	GlobalSection(ProjectConfigurationPlatforms) = postSolution
		{5AA91B9F-1B09-41A8-A8CF-35474EFD327D}.Debug|Any CPU.ActiveCfg = Debug|Any CPU
		{5AA91B9F-1B09-41A8-A8CF-35474EFD327D}.Debug|Any CPU.Build.0 = Debug|Any CPU
		{5AA91B9F-1B09-41A8-A8CF-35474EFD327D}.Release|Any CPU.ActiveCfg = Release|Any CPU
		{5AA91B9F-1B09-41A8-A8CF-35474EFD327D}.Release|Any CPU.Build.0 = Release|Any CPU
		{4CF6D18C-6552-47F3-9A43-E692D522C33A}.Debug|Any CPU.ActiveCfg = Debug|Any CPU
		{4CF6D18C-6552-47F3-9A43-E692D522C33A}.Debug|Any CPU.Build.0 = Debug|Any CPU
		{4CF6D18C-6552-47F3-9A43-E692D522C33A}.Release|Any CPU.ActiveCfg = Release|Any CPU
		{4CF6D18C-6552-47F3-9A43-E692D522C33A}.Release|Any CPU.Build.0 = Release|Any CPU
		{53B68B39-7874-42FE-AC8F-1AD578840972}.Debug|Any CPU.ActiveCfg = Debug|Any CPU
		{53B68B39-7874-42FE-AC8F-1AD578840972}.Debug|Any CPU.Build.0 = Debug|Any CPU
		{53B68B39-7874-42FE-AC8F-1AD578840972}.Release|Any CPU.ActiveCfg = Release|Any CPU
		{53B68B39-7874-42FE-AC8F-1AD578840972}.Release|Any CPU.Build.0 = Release|Any CPU
		{022D5B46-8CB4-42C3-820F-E8BFFAA71CC7}.Debug|Any CPU.ActiveCfg = Debug|Any CPU
		{022D5B46-8CB4-42C3-820F-E8BFFAA71CC7}.Debug|Any CPU.Build.0 = Debug|Any CPU
		{022D5B46-8CB4-42C3-820F-E8BFFAA71CC7}.Release|Any CPU.ActiveCfg = Release|Any CPU
		{022D5B46-8CB4-42C3-820F-E8BFFAA71CC7}.Release|Any CPU.Build.0 = Release|Any CPU
	EndGlobalSection
	GlobalSection(SolutionProperties) = preSolution
		HideSolutionNode = FALSE
	EndGlobalSection
	GlobalSection(ExtensibilityGlobals) = postSolution
		SolutionGuid = {B70304B0-8F75-4456-AD28-7CCD64351310}
	EndGlobalSection
EndGlobal
